
Microsoft Visual Studio Solution File, Format Version 12.00
# Visual Studio Version 16
VisualStudioVersion = 16.0.32228.343
MinimumVisualStudioVersion = 10.0.40219.1
Project("{FAE04EC0-301F-11D3-BF4B-00C04F79EFBC}") = "Tilmeldlings  katalog", "Tilmeldlings  katalog\Tilmeldlings  katalog.csproj", "{EF889E79-E79E-463E-8A3C-C63F1FCF1D73}"
EndProject
Global
	GlobalSection(SolutionConfigurationPlatforms) = preSolution
		Debug|Any CPU = Debug|Any CPU
		Release|Any CPU = Release|Any CPU
	EndGlobalSection
	GlobalSection(ProjectConfigurationPlatforms) = postSolution
		{EF889E79-E79E-463E-8A3C-C63F1FCF1D73}.Debug|Any CPU.ActiveCfg = Debug|Any CPU
		{EF889E79-E79E-463E-8A3C-C63F1FCF1D73}.Debug|Any CPU.Build.0 = Debug|Any CPU
		{EF889E79-E79E-463E-8A3C-C63F1FCF1D73}.Release|Any CPU.ActiveCfg = Release|Any CPU
		{EF889E79-E79E-463E-8A3C-C63F1FCF1D73}.Release|Any CPU.Build.0 = Release|Any CPU
	EndGlobalSection
	GlobalSection(SolutionProperties) = preSolution
		HideSolutionNode = FALSE
	EndGlobalSection
	GlobalSection(ExtensibilityGlobals) = postSolution
		SolutionGuid = {55809DF0-A4C0-4D65-B5A5-177DFF05515D}
	EndGlobalSection
EndGlobal
